
Microsoft Visual Studio Solution File, Format Version 12.00
# Visual Studio 15
VisualStudioVersion = 15.0.28307.1259
MinimumVisualStudioVersion = 10.0.40219.1
Project("{FAE04EC0-301F-11D3-BF4B-00C04F79EFBC}") = "SimpleChat", "SimpleChat\SimpleChat.csproj", "{96B4634C-E708-4824-A4E5-88B83D71AABC}"
EndProject
Project("{FAE04EC0-301F-11D3-BF4B-00C04F79EFBC}") = "TCPChat", "TCPChat\TCPChat.csproj", "{60B19656-A3C7-4AB5-8507-F5757F47A957}"
EndProject
Global
	GlobalSection(SolutionConfigurationPlatforms) = preSolution
		Debug|Any CPU = Debug|Any CPU
		Release|Any CPU = Release|Any CPU
	EndGlobalSection
	GlobalSection(ProjectConfigurationPlatforms) = postSolution
		{96B4634C-E708-4824-A4E5-88B83D71AABC}.Debug|Any CPU.ActiveCfg = Debug|Any CPU
		{96B4634C-E708-4824-A4E5-88B83D71AABC}.Debug|Any CPU.Build.0 = Debug|Any CPU
		{96B4634C-E708-4824-A4E5-88B83D71AABC}.Release|Any CPU.ActiveCfg = Release|Any CPU
		{96B4634C-E708-4824-A4E5-88B83D71AABC}.Release|Any CPU.Build.0 = Release|Any CPU
		{60B19656-A3C7-4AB5-8507-F5757F47A957}.Debug|Any CPU.ActiveCfg = Debug|Any CPU
		{60B19656-A3C7-4AB5-8507-F5757F47A957}.Debug|Any CPU.Build.0 = Debug|Any CPU
		{60B19656-A3C7-4AB5-8507-F5757F47A957}.Release|Any CPU.ActiveCfg = Release|Any CPU
		{60B19656-A3C7-4AB5-8507-F5757F47A957}.Release|Any CPU.Build.0 = Release|Any CPU
	EndGlobalSection
	GlobalSection(SolutionProperties) = preSolution
		HideSolutionNode = FALSE
	EndGlobalSection
	GlobalSection(ExtensibilityGlobals) = postSolution
		SolutionGuid = {723ACEFD-F370-4AC2-AAF0-A8B9E07874AF}
	EndGlobalSection
EndGlobal
